// !$*UTF8*$!
{
	archiveVersion = 1;
	classes = {
	};
	objectVersion = 56;
	objects = {

/* Begin PBXBuildFile section */
		8D8D828C297BEA88009FBAC4 /* GitHubSearchApp.swift in Sources */ = {isa = PBXBuildFile; fileRef = 8D8D828B297BEA88009FBAC4 /* GitHubSearchApp.swift */; };
		8D8D828E297BEA88009FBAC4 /* ContentView.swift in Sources */ = {isa = PBXBuildFile; fileRef = 8D8D828D297BEA88009FBAC4 /* ContentView.swift */; };
		8D8D8290297BEA89009FBAC4 /* Assets.xcassets in Resources */ = {isa = PBXBuildFile; fileRef = 8D8D828F297BEA89009FBAC4 /* Assets.xcassets */; };
		8D8D8293297BEA89009FBAC4 /* Preview Assets.xcassets in Resources */ = {isa = PBXBuildFile; fileRef = 8D8D8292297BEA89009FBAC4 /* Preview Assets.xcassets */; };
		8D8D829D297BEA89009FBAC4 /* GitHubSearchTests.swift in Sources */ = {isa = PBXBuildFile; fileRef = 8D8D829C297BEA89009FBAC4 /* GitHubSearchTests.swift */; };
		8D8D82A7297BEA89009FBAC4 /* GitHubSearchUITests.swift in Sources */ = {isa = PBXBuildFile; fileRef = 8D8D82A6297BEA89009FBAC4 /* GitHubSearchUITests.swift */; };
		8D8D82A9297BEA89009FBAC4 /* GitHubSearchUITestsLaunchTests.swift in Sources */ = {isa = PBXBuildFile; fileRef = 8D8D82A8297BEA89009FBAC4 /* GitHubSearchUITestsLaunchTests.swift */; };
		8D8D82B9297BED92009FBAC4 /* RepositoryRow.swift in Sources */ = {isa = PBXBuildFile; fileRef = 8D8D82B8297BED92009FBAC4 /* RepositoryRow.swift */; };
		8D8D82BE297CC29F009FBAC4 /* RepositoryList.swift in Sources */ = {isa = PBXBuildFile; fileRef = 8D8D82BD297CC29F009FBAC4 /* RepositoryList.swift */; };
/* End PBXBuildFile section */

/* Begin PBXContainerItemProxy section */
		8D8D8299297BEA89009FBAC4 /* PBXContainerItemProxy */ = {
			isa = PBXContainerItemProxy;
			containerPortal = 8D8D8280297BEA88009FBAC4 /* Project object */;
			proxyType = 1;
			remoteGlobalIDString = 8D8D8287297BEA88009FBAC4;
			remoteInfo = GitHubSearch;
		};
		8D8D82A3297BEA89009FBAC4 /* PBXContainerItemProxy */ = {
			isa = PBXContainerItemProxy;
			containerPortal = 8D8D8280297BEA88009FBAC4 /* Project object */;
			proxyType = 1;
			remoteGlobalIDString = 8D8D8287297BEA88009FBAC4;
			remoteInfo = GitHubSearch;
		};
/* End PBXContainerItemProxy section */

/* Begin PBXFileReference section */
		8D8D8288297BEA88009FBAC4 /* GitHubSearch.app */ = {isa = PBXFileReference; explicitFileType = wrapper.application; includeInIndex = 0; path = GitHubSearch.app; sourceTree = BUILT_PRODUCTS_DIR; };
		8D8D828B297BEA88009FBAC4 /* GitHubSearchApp.swift */ = {isa = PBXFileReference; lastKnownFileType = sourcecode.swift; path = GitHubSearchApp.swift; sourceTree = "<group>"; };
		8D8D828D297BEA88009FBAC4 /* ContentView.swift */ = {isa = PBXFileReference; lastKnownFileType = sourcecode.swift; path = ContentView.swift; sourceTree = "<group>"; };
		8D8D828F297BEA89009FBAC4 /* Assets.xcassets */ = {isa = PBXFileReference; lastKnownFileType = folder.assetcatalog; path = Assets.xcassets; sourceTree = "<group>"; };
		8D8D8292297BEA89009FBAC4 /* Preview Assets.xcassets */ = {isa = PBXFileReference; lastKnownFileType = folder.assetcatalog; path = "Preview Assets.xcassets"; sourceTree = "<group>"; };
		8D8D8298297BEA89009FBAC4 /* GitHubSearchTests.xctest */ = {isa = PBXFileReference; explicitFileType = wrapper.cfbundle; includeInIndex = 0; path = GitHubSearchTests.xctest; sourceTree = BUILT_PRODUCTS_DIR; };
		8D8D829C297BEA89009FBAC4 /* GitHubSearchTests.swift */ = {isa = PBXFileReference; lastKnownFileType = sourcecode.swift; path = GitHubSearchTests.swift; sourceTree = "<group>"; };
		8D8D82A2297BEA89009FBAC4 /* GitHubSearchUITests.xctest */ = {isa = PBXFileReference; explicitFileType = wrapper.cfbundle; includeInIndex = 0; path = GitHubSearchUITests.xctest; sourceTree = BUILT_PRODUCTS_DIR; };
		8D8D82A6297BEA89009FBAC4 /* GitHubSearchUITests.swift */ = {isa = PBXFileReference; lastKnownFileType = sourcecode.swift; path = GitHubSearchUITests.swift; sourceTree = "<group>"; };
		8D8D82A8297BEA89009FBAC4 /* GitHubSearchUITestsLaunchTests.swift */ = {isa = PBXFileReference; lastKnownFileType = sourcecode.swift; path = GitHubSearchUITestsLaunchTests.swift; sourceTree = "<group>"; };
		8D8D82B8297BED92009FBAC4 /* RepositoryRow.swift */ = {isa = PBXFileReference; lastKnownFileType = sourcecode.swift; path = RepositoryRow.swift; sourceTree = "<group>"; };
		8D8D82BD297CC29F009FBAC4 /* RepositoryList.swift */ = {isa = PBXFileReference; fileEncoding = 4; lastKnownFileType = sourcecode.swift; path = RepositoryList.swift; sourceTree = "<group>"; };
/* End PBXFileReference section */

/* Begin PBXFrameworksBuildPhase section */
		8D8D8285297BEA88009FBAC4 /* Frameworks */ = {
			isa = PBXFrameworksBuildPhase;
			buildActionMask = 2147483647;
			files = (
			);
			runOnlyForDeploymentPostprocessing = 0;
		};
		8D8D8295297BEA89009FBAC4 /* Frameworks */ = {
			isa = PBXFrameworksBuildPhase;
			buildActionMask = 2147483647;
			files = (
			);
			runOnlyForDeploymentPostprocessing = 0;
		};
		8D8D829F297BEA89009FBAC4 /* Frameworks */ = {
			isa = PBXFrameworksBuildPhase;
			buildActionMask = 2147483647;
			files = (
			);
			runOnlyForDeploymentPostprocessing = 0;
		};
/* End PBXFrameworksBuildPhase section */

/* Begin PBXGroup section */
		8D8D827F297BEA88009FBAC4 = {
			isa = PBXGroup;
			children = (
				8D8D828A297BEA88009FBAC4 /* GitHubSearch */,
				8D8D829B297BEA89009FBAC4 /* GitHubSearchTests */,
				8D8D82A5297BEA89009FBAC4 /* GitHubSearchUITests */,
				8D8D8289297BEA88009FBAC4 /* Products */,
			);
			sourceTree = "<group>";
		};
		8D8D8289297BEA88009FBAC4 /* Products */ = {
			isa = PBXGroup;
			children = (
				8D8D8288297BEA88009FBAC4 /* GitHubSearch.app */,
				8D8D8298297BEA89009FBAC4 /* GitHubSearchTests.xctest */,
				8D8D82A2297BEA89009FBAC4 /* GitHubSearchUITests.xctest */,
			);
			name = Products;
			sourceTree = "<group>";
		};
		8D8D828A297BEA88009FBAC4 /* GitHubSearch */ = {
			isa = PBXGroup;
			children = (
				8D8D828B297BEA88009FBAC4 /* GitHubSearchApp.swift */,
				8D8D828D297BEA88009FBAC4 /* ContentView.swift */,
				8D8D828F297BEA89009FBAC4 /* Assets.xcassets */,
				8D8D82B5297BECC7009FBAC4 /* View */,
				8D8D8291297BEA89009FBAC4 /* Preview Content */,
			);
			path = GitHubSearch;
			sourceTree = "<group>";
		};
		8D8D8291297BEA89009FBAC4 /* Preview Content */ = {
			isa = PBXGroup;
			children = (
				8D8D8292297BEA89009FBAC4 /* Preview Assets.xcassets */,
			);
			path = "Preview Content";
			sourceTree = "<group>";
		};
		8D8D829B297BEA89009FBAC4 /* GitHubSearchTests */ = {
			isa = PBXGroup;
			children = (
				8D8D829C297BEA89009FBAC4 /* GitHubSearchTests.swift */,
			);
			path = GitHubSearchTests;
			sourceTree = "<group>";
		};
		8D8D82A5297BEA89009FBAC4 /* GitHubSearchUITests */ = {
			isa = PBXGroup;
			children = (
				8D8D82A6297BEA89009FBAC4 /* GitHubSearchUITests.swift */,
				8D8D82A8297BEA89009FBAC4 /* GitHubSearchUITestsLaunchTests.swift */,
			);
			path = GitHubSearchUITests;
			sourceTree = "<group>";
		};
		8D8D82B5297BECC7009FBAC4 /* View */ = {
			isa = PBXGroup;
			children = (
				8D8D82BD297CC29F009FBAC4 /* RepositoryList.swift */,
				8D8D82B8297BED92009FBAC4 /* RepositoryRow.swift */,
			);
			path = View;
			sourceTree = "<group>";
		};
/* End PBXGroup section */

/* Begin PBXNativeTarget section */
		8D8D8287297BEA88009FBAC4 /* GitHubSearch */ = {
			isa = PBXNativeTarget;
			buildConfigurationList = 8D8D82AC297BEA89009FBAC4 /* Build configuration list for PBXNativeTarget "GitHubSearch" */;
			buildPhases = (
				8D8D8284297BEA88009FBAC4 /* Sources */,
				8D8D8285297BEA88009FBAC4 /* Frameworks */,
				8D8D8286297BEA88009FBAC4 /* Resources */,
			);
			buildRules = (
			);
			dependencies = (
			);
			name = GitHubSearch;
			productName = GitHubSearch;
			productReference = 8D8D8288297BEA88009FBAC4 /* GitHubSearch.app */;
			productType = "com.apple.product-type.application";
		};
		8D8D8297297BEA89009FBAC4 /* GitHubSearchTests */ = {
			isa = PBXNativeTarget;
			buildConfigurationList = 8D8D82AF297BEA89009FBAC4 /* Build configuration list for PBXNativeTarget "GitHubSearchTests" */;
			buildPhases = (
				8D8D8294297BEA89009FBAC4 /* Sources */,
				8D8D8295297BEA89009FBAC4 /* Frameworks */,
				8D8D8296297BEA89009FBAC4 /* Resources */,
			);
			buildRules = (
			);
			dependencies = (
				8D8D829A297BEA89009FBAC4 /* PBXTargetDependency */,
			);
			name = GitHubSearchTests;
			productName = GitHubSearchTests;
			productReference = 8D8D8298297BEA89009FBAC4 /* GitHubSearchTests.xctest */;
			productType = "com.apple.product-type.bundle.unit-test";
		};
		8D8D82A1297BEA89009FBAC4 /* GitHubSearchUITests */ = {
			isa = PBXNativeTarget;
			buildConfigurationList = 8D8D82B2297BEA89009FBAC4 /* Build configuration list for PBXNativeTarget "GitHubSearchUITests" */;
			buildPhases = (
				8D8D829E297BEA89009FBAC4 /* Sources */,
				8D8D829F297BEA89009FBAC4 /* Frameworks */,
				8D8D82A0297BEA89009FBAC4 /* Resources */,
			);
			buildRules = (
			);
			dependencies = (
				8D8D82A4297BEA89009FBAC4 /* PBXTargetDependency */,
			);
			name = GitHubSearchUITests;
			productName = GitHubSearchUITests;
			productReference = 8D8D82A2297BEA89009FBAC4 /* GitHubSearchUITests.xctest */;
			productType = "com.apple.product-type.bundle.ui-testing";
		};
/* End PBXNativeTarget section */

/* Begin PBXProject section */
		8D8D8280297BEA88009FBAC4 /* Project object */ = {
			isa = PBXProject;
			attributes = {
				BuildIndependentTargetsInParallel = 1;
				LastSwiftUpdateCheck = 1420;
				LastUpgradeCheck = 1420;
				TargetAttributes = {
					8D8D8287297BEA88009FBAC4 = {
						CreatedOnToolsVersion = 14.2;
					};
					8D8D8297297BEA89009FBAC4 = {
						CreatedOnToolsVersion = 14.2;
						TestTargetID = 8D8D8287297BEA88009FBAC4;
					};
					8D8D82A1297BEA89009FBAC4 = {
						CreatedOnToolsVersion = 14.2;
						TestTargetID = 8D8D8287297BEA88009FBAC4;
					};
				};
			};
			buildConfigurationList = 8D8D8283297BEA88009FBAC4 /* Build configuration list for PBXProject "GitHubSearch" */;
			compatibilityVersion = "Xcode 14.0";
			developmentRegion = en;
			hasScannedForEncodings = 0;
			knownRegions = (
				en,
				Base,
			);
			mainGroup = 8D8D827F297BEA88009FBAC4;
			productRefGroup = 8D8D8289297BEA88009FBAC4 /* Products */;
			projectDirPath = "";
			projectRoot = "";
			targets = (
				8D8D8287297BEA88009FBAC4 /* GitHubSearch */,
				8D8D8297297BEA89009FBAC4 /* GitHubSearchTests */,
				8D8D82A1297BEA89009FBAC4 /* GitHubSearchUITests */,
			);
		};
/* End PBXProject section */

/* Begin PBXResourcesBuildPhase section */
		8D8D8286297BEA88009FBAC4 /* Resources */ = {
			isa = PBXResourcesBuildPhase;
			buildActionMask = 2147483647;
			files = (
				8D8D8293297BEA89009FBAC4 /* Preview Assets.xcassets in Resources */,
				8D8D8290297BEA89009FBAC4 /* Assets.xcassets in Resources */,
			);
			runOnlyForDeploymentPostprocessing = 0;
		};
		8D8D8296297BEA89009FBAC4 /* Resources */ = {
			isa = PBXResourcesBuildPhase;
			buildActionMask = 2147483647;
			files = (
			);
			runOnlyForDeploymentPostprocessing = 0;
		};
		8D8D82A0297BEA89009FBAC4 /* Resources */ = {
			isa = PBXResourcesBuildPhase;
			buildActionMask = 2147483647;
			files = (
			);
			runOnlyForDeploymentPostprocessing = 0;
		};
/* End PBXResourcesBuildPhase section */

/* Begin PBXSourcesBuildPhase section */
		8D8D8284297BEA88009FBAC4 /* Sources */ = {
			isa = PBXSourcesBuildPhase;
			buildActionMask = 2147483647;
			files = (
				8D8D828E297BEA88009FBAC4 /* ContentView.swift in Sources */,
				8D8D82B9297BED92009FBAC4 /* RepositoryRow.swift in Sources */,
				8D8D828C297BEA88009FBAC4 /* GitHubSearchApp.swift in Sources */,
				8D8D82BE297CC29F009FBAC4 /* RepositoryList.swift in Sources */,
			);
			runOnlyForDeploymentPostprocessing = 0;
		};
		8D8D8294297BEA89009FBAC4 /* Sources */ = {
			isa = PBXSourcesBuildPhase;
			buildActionMask = 2147483647;
			files = (
				8D8D829D297BEA89009FBAC4 /* GitHubSearchTests.swift in Sources */,
			);
			runOnlyForDeploymentPostprocessing = 0;
		};
		8D8D829E297BEA89009FBAC4 /* Sources */ = {
			isa = PBXSourcesBuildPhase;
			buildActionMask = 2147483647;
			files = (
				8D8D82A7297BEA89009FBAC4 /* GitHubSearchUITests.swift in Sources */,
				8D8D82A9297BEA89009FBAC4 /* GitHubSearchUITestsLaunchTests.swift in Sources */,
			);
			runOnlyForDeploymentPostprocessing = 0;
		};
/* End PBXSourcesBuildPhase section */

/* Begin PBXTargetDependency section */
		8D8D829A297BEA89009FBAC4 /* PBXTargetDependency */ = {
			isa = PBXTargetDependency;
			target = 8D8D8287297BEA88009FBAC4 /* GitHubSearch */;
			targetProxy = 8D8D8299297BEA89009FBAC4 /* PBXContainerItemProxy */;
		};
		8D8D82A4297BEA89009FBAC4 /* PBXTargetDependency */ = {
			isa = PBXTargetDependency;
			target = 8D8D8287297BEA88009FBAC4 /* GitHubSearch */;
			targetProxy = 8D8D82A3297BEA89009FBAC4 /* PBXContainerItemProxy */;
		};
/* End PBXTargetDependency section */

/* Begin XCBuildConfiguration section */
		8D8D82AA297BEA89009FBAC4 /* Debug */ = {
			isa = XCBuildConfiguration;
			buildSettings = {
				ALWAYS_SEARCH_USER_PATHS = NO;
				CLANG_ANALYZER_NONNULL = YES;
				CLANG_ANALYZER_NUMBER_OBJECT_CONVERSION = YES_AGGRESSIVE;
				CLANG_CXX_LANGUAGE_STANDARD = "gnu++20";
				CLANG_ENABLE_MODULES = YES;
				CLANG_ENABLE_OBJC_ARC = YES;
				CLANG_ENABLE_OBJC_WEAK = YES;
				CLANG_WARN_BLOCK_CAPTURE_AUTORELEASING = YES;
				CLANG_WARN_BOOL_CONVERSION = YES;
				CLANG_WARN_COMMA = YES;
				CLANG_WARN_CONSTANT_CONVERSION = YES;
				CLANG_WARN_DEPRECATED_OBJC_IMPLEMENTATIONS = YES;
				CLANG_WARN_DIRECT_OBJC_ISA_USAGE = YES_ERROR;
				CLANG_WARN_DOCUMENTATION_COMMENTS = YES;
				CLANG_WARN_EMPTY_BODY = YES;
				CLANG_WARN_ENUM_CONVERSION = YES;
				CLANG_WARN_INFINITE_RECURSION = YES;
				CLANG_WARN_INT_CONVERSION = YES;
				CLANG_WARN_NON_LITERAL_NULL_CONVERSION = YES;
				CLANG_WARN_OBJC_IMPLICIT_RETAIN_SELF = YES;
				CLANG_WARN_OBJC_LITERAL_CONVERSION = YES;
				CLANG_WARN_OBJC_ROOT_CLASS = YES_ERROR;
				CLANG_WARN_QUOTED_INCLUDE_IN_FRAMEWORK_HEADER = YES;
				CLANG_WARN_RANGE_LOOP_ANALYSIS = YES;
				CLANG_WARN_STRICT_PROTOTYPES = YES;
				CLANG_WARN_SUSPICIOUS_MOVE = YES;
				CLANG_WARN_UNGUARDED_AVAILABILITY = YES_AGGRESSIVE;
				CLANG_WARN_UNREACHABLE_CODE = YES;
				CLANG_WARN__DUPLICATE_METHOD_MATCH = YES;
				COPY_PHASE_STRIP = NO;
				DEBUG_INFORMATION_FORMAT = dwarf;
				ENABLE_STRICT_OBJC_MSGSEND = YES;
				ENABLE_TESTABILITY = YES;
				GCC_C_LANGUAGE_STANDARD = gnu11;
				GCC_DYNAMIC_NO_PIC = NO;
				GCC_NO_COMMON_BLOCKS = YES;
				GCC_OPTIMIZATION_LEVEL = 0;
				GCC_PREPROCESSOR_DEFINITIONS = (
					"DEBUG=1",
					"$(inherited)",
				);
				GCC_WARN_64_TO_32_BIT_CONVERSION = YES;
				GCC_WARN_ABOUT_RETURN_TYPE = YES_ERROR;
				GCC_WARN_UNDECLARED_SELECTOR = YES;
				GCC_WARN_UNINITIALIZED_AUTOS = YES_AGGRESSIVE;
				GCC_WARN_UNUSED_FUNCTION = YES;
				GCC_WARN_UNUSED_VARIABLE = YES;
				IPHONEOS_DEPLOYMENT_TARGET = 16.2;
				MTL_ENABLE_DEBUG_INFO = INCLUDE_SOURCE;
				MTL_FAST_MATH = YES;
				ONLY_ACTIVE_ARCH = YES;
				SDKROOT = iphoneos;
				SWIFT_ACTIVE_COMPILATION_CONDITIONS = DEBUG;
				SWIFT_OPTIMIZATION_LEVEL = "-Onone";
			};
			name = Debug;
		};
		8D8D82AB297BEA89009FBAC4 /* Release */ = {
			isa = XCBuildConfiguration;
			buildSettings = {
				ALWAYS_SEARCH_USER_PATHS = NO;
				CLANG_ANALYZER_NONNULL = YES;
				CLANG_ANALYZER_NUMBER_OBJECT_CONVERSION = YES_AGGRESSIVE;
				CLANG_CXX_LANGUAGE_STANDARD = "gnu++20";
				CLANG_ENABLE_MODULES = YES;
				CLANG_ENABLE_OBJC_ARC = YES;
				CLANG_ENABLE_OBJC_WEAK = YES;
				CLANG_WARN_BLOCK_CAPTURE_AUTORELEASING = YES;
				CLANG_WARN_BOOL_CONVERSION = YES;
				CLANG_WARN_COMMA = YES;
				CLANG_WARN_CONSTANT_CONVERSION = YES;
				CLANG_WARN_DEPRECATED_OBJC_IMPLEMENTATIONS = YES;
				CLANG_WARN_DIRECT_OBJC_ISA_USAGE = YES_ERROR;
				CLANG_WARN_DOCUMENTATION_COMMENTS = YES;
				CLANG_WARN_EMPTY_BODY = YES;
				CLANG_WARN_ENUM_CONVERSION = YES;
				CLANG_WARN_INFINITE_RECURSION = YES;
				CLANG_WARN_INT_CONVERSION = YES;
				CLANG_WARN_NON_LITERAL_NULL_CONVERSION = YES;
				CLANG_WARN_OBJC_IMPLICIT_RETAIN_SELF = YES;
				CLANG_WARN_OBJC_LITERAL_CONVERSION = YES;
				CLANG_WARN_OBJC_ROOT_CLASS = YES_ERROR;
				CLANG_WARN_QUOTED_INCLUDE_IN_FRAMEWORK_HEADER = YES;
				CLANG_WARN_RANGE_LOOP_ANALYSIS = YES;
				CLANG_WARN_STRICT_PROTOTYPES = YES;
				CLANG_WARN_SUSPICIOUS_MOVE = YES;
				CLANG_WARN_UNGUARDED_AVAILABILITY = YES_AGGRESSIVE;
				CLANG_WARN_UNREACHABLE_CODE = YES;
				CLANG_WARN__DUPLICATE_METHOD_MATCH = YES;
				COPY_PHASE_STRIP = NO;
				DEBUG_INFORMATION_FORMAT = "dwarf-with-dsym";
				ENABLE_NS_ASSERTIONS = NO;
				ENABLE_STRICT_OBJC_MSGSEND = YES;
				GCC_C_LANGUAGE_STANDARD = gnu11;
				GCC_NO_COMMON_BLOCKS = YES;
				GCC_WARN_64_TO_32_BIT_CONVERSION = YES;
				GCC_WARN_ABOUT_RETURN_TYPE = YES_ERROR;
				GCC_WARN_UNDECLARED_SELECTOR = YES;
				GCC_WARN_UNINITIALIZED_AUTOS = YES_AGGRESSIVE;
				GCC_WARN_UNUSED_FUNCTION = YES;
				GCC_WARN_UNUSED_VARIABLE = YES;
				IPHONEOS_DEPLOYMENT_TARGET = 16.2;
				MTL_ENABLE_DEBUG_INFO = NO;
				MTL_FAST_MATH = YES;
				SDKROOT = iphoneos;
				SWIFT_COMPILATION_MODE = wholemodule;
				SWIFT_OPTIMIZATION_LEVEL = "-O";
				VALIDATE_PRODUCT = YES;
			};
			name = Release;
		};
		8D8D82AD297BEA89009FBAC4 /* Debug */ = {
			isa = XCBuildConfiguration;
			buildSettings = {
				ASSETCATALOG_COMPILER_APPICON_NAME = AppIcon;
				ASSETCATALOG_COMPILER_GLOBAL_ACCENT_COLOR_NAME = AccentColor;
				CODE_SIGN_STYLE = Automatic;
				CURRENT_PROJECT_VERSION = 1;
				DEVELOPMENT_ASSET_PATHS = "\"GitHubSearch/Preview Content\"";
				DEVELOPMENT_TEAM = AAKJL3KUU2;
				ENABLE_PREVIEWS = YES;
				GENERATE_INFOPLIST_FILE = YES;
				INFOPLIST_KEY_UIApplicationSceneManifest_Generation = YES;
				INFOPLIST_KEY_UIApplicationSupportsIndirectInputEvents = YES;
				INFOPLIST_KEY_UILaunchScreen_Generation = YES;
				INFOPLIST_KEY_UISupportedInterfaceOrientations_iPad = "UIInterfaceOrientationPortrait UIInterfaceOrientationPortraitUpsideDown UIInterfaceOrientationLandscapeLeft UIInterfaceOrientationLandscapeRight";
				INFOPLIST_KEY_UISupportedInterfaceOrientations_iPhone = "UIInterfaceOrientationPortrait UIInterfaceOrientationLandscapeLeft UIInterfaceOrientationLandscapeRight";
				LD_RUNPATH_SEARCH_PATHS = (
					"$(inherited)",
					"@executable_path/Frameworks",
				);
				MARKETING_VERSION = 1.0;
				PRODUCT_BUNDLE_IDENTIFIER = im.muyexi.GitHubSearch;
				PRODUCT_NAME = "$(TARGET_NAME)";
				SWIFT_EMIT_LOC_STRINGS = YES;
				SWIFT_VERSION = 5.0;
				TARGETED_DEVICE_FAMILY = "1,2";
			};
			name = Debug;
		};
		8D8D82AE297BEA89009FBAC4 /* Release */ = {
			isa = XCBuildConfiguration;
			buildSettings = {
				ASSETCATALOG_COMPILER_APPICON_NAME = AppIcon;
				ASSETCATALOG_COMPILER_GLOBAL_ACCENT_COLOR_NAME = AccentColor;
				CODE_SIGN_STYLE = Automatic;
				CURRENT_PROJECT_VERSION = 1;
				DEVELOPMENT_ASSET_PATHS = "\"GitHubSearch/Preview Content\"";
				DEVELOPMENT_TEAM = AAKJL3KUU2;
				ENABLE_PREVIEWS = YES;
				GENERATE_INFOPLIST_FILE = YES;
				INFOPLIST_KEY_UIApplicationSceneManifest_Generation = YES;
				INFOPLIST_KEY_UIApplicationSupportsIndirectInputEvents = YES;
				INFOPLIST_KEY_UILaunchScreen_Generation = YES;
				INFOPLIST_KEY_UISupportedInterfaceOrientations_iPad = "UIInterfaceOrientationPortrait UIInterfaceOrientationPortraitUpsideDown UIInterfaceOrientationLandscapeLeft UIInterfaceOrientationLandscapeRight";
				INFOPLIST_KEY_UISupportedInterfaceOrientations_iPhone = "UIInterfaceOrientationPortrait UIInterfaceOrientationLandscapeLeft UIInterfaceOrientationLandscapeRight";
				LD_RUNPATH_SEARCH_PATHS = (
					"$(inherited)",
					"@executable_path/Frameworks",
				);
				MARKETING_VERSION = 1.0;
				PRODUCT_BUNDLE_IDENTIFIER = im.muyexi.GitHubSearch;
				PRODUCT_NAME = "$(TARGET_NAME)";
				SWIFT_EMIT_LOC_STRINGS = YES;
				SWIFT_VERSION = 5.0;
				TARGETED_DEVICE_FAMILY = "1,2";
			};
			name = Release;
		};
		8D8D82B0297BEA89009FBAC4 /* Debug */ = {
			isa = XCBuildConfiguration;
			buildSettings = {
				ALWAYS_EMBED_SWIFT_STANDARD_LIBRARIES = YES;
				BUNDLE_LOADER = "$(TEST_HOST)";
				CODE_SIGN_STYLE = Automatic;
				CURRENT_PROJECT_VERSION = 1;
				DEVELOPMENT_TEAM = AAKJL3KUU2;
				GENERATE_INFOPLIST_FILE = YES;
				IPHONEOS_DEPLOYMENT_TARGET = 16.2;
				MARKETING_VERSION = 1.0;
				PRODUCT_BUNDLE_IDENTIFIER = im.muyexi.GitHubSearchTests;
				PRODUCT_NAME = "$(TARGET_NAME)";
				SWIFT_EMIT_LOC_STRINGS = NO;
				SWIFT_VERSION = 5.0;
				TARGETED_DEVICE_FAMILY = "1,2";
				TEST_HOST = "$(BUILT_PRODUCTS_DIR)/GitHubSearch.app/$(BUNDLE_EXECUTABLE_FOLDER_PATH)/GitHubSearch";
			};
			name = Debug;
		};
		8D8D82B1297BEA89009FBAC4 /* Release */ = {
			isa = XCBuildConfiguration;
			buildSettings = {
				ALWAYS_EMBED_SWIFT_STANDARD_LIBRARIES = YES;
				BUNDLE_LOADER = "$(TEST_HOST)";
				CODE_SIGN_STYLE = Automatic;
				CURRENT_PROJECT_VERSION = 1;
				DEVELOPMENT_TEAM = AAKJL3KUU2;
				GENERATE_INFOPLIST_FILE = YES;
				IPHONEOS_DEPLOYMENT_TARGET = 16.2;
				MARKETING_VERSION = 1.0;
				PRODUCT_BUNDLE_IDENTIFIER = im.muyexi.GitHubSearchTests;
				PRODUCT_NAME = "$(TARGET_NAME)";
				SWIFT_EMIT_LOC_STRINGS = NO;
				SWIFT_VERSION = 5.0;
				TARGETED_DEVICE_FAMILY = "1,2";
				TEST_HOST = "$(BUILT_PRODUCTS_DIR)/GitHubSearch.app/$(BUNDLE_EXECUTABLE_FOLDER_PATH)/GitHubSearch";
			};
			name = Release;
		};
		8D8D82B3297BEA89009FBAC4 /* Debug */ = {
			isa = XCBuildConfiguration;
			buildSettings = {
				ALWAYS_EMBED_SWIFT_STANDARD_LIBRARIES = YES;
				CODE_SIGN_STYLE = Automatic;
				CURRENT_PROJECT_VERSION = 1;
				DEVELOPMENT_TEAM = AAKJL3KUU2;
				GENERATE_INFOPLIST_FILE = YES;
				MARKETING_VERSION = 1.0;
				PRODUCT_BUNDLE_IDENTIFIER = im.muyexi.GitHubSearchUITests;
				PRODUCT_NAME = "$(TARGET_NAME)";
				SWIFT_EMIT_LOC_STRINGS = NO;
				SWIFT_VERSION = 5.0;
				TARGETED_DEVICE_FAMILY = "1,2";
				TEST_TARGET_NAME = GitHubSearch;
			};
			name = Debug;
		};
		8D8D82B4297BEA89009FBAC4 /* Release */ = {
			isa = XCBuildConfiguration;
			buildSettings = {
				ALWAYS_EMBED_SWIFT_STANDARD_LIBRARIES = YES;
				CODE_SIGN_STYLE = Automatic;
				CURRENT_PROJECT_VERSION = 1;
				DEVELOPMENT_TEAM = AAKJL3KUU2;
				GENERATE_INFOPLIST_FILE = YES;
				MARKETING_VERSION = 1.0;
				PRODUCT_BUNDLE_IDENTIFIER = im.muyexi.GitHubSearchUITests;
				PRODUCT_NAME = "$(TARGET_NAME)";
				SWIFT_EMIT_LOC_STRINGS = NO;
				SWIFT_VERSION = 5.0;
				TARGETED_DEVICE_FAMILY = "1,2";
				TEST_TARGET_NAME = GitHubSearch;
			};
			name = Release;
		};
/* End XCBuildConfiguration section */

/* Begin XCConfigurationList section */
		8D8D8283297BEA88009FBAC4 /* Build configuration list for PBXProject "GitHubSearch" */ = {
			isa = XCConfigurationList;
			buildConfigurations = (
				8D8D82AA297BEA89009FBAC4 /* Debug */,
				8D8D82AB297BEA89009FBAC4 /* Release */,
			);
			defaultConfigurationIsVisible = 0;
			defaultConfigurationName = Release;
		};
		8D8D82AC297BEA89009FBAC4 /* Build configuration list for PBXNativeTarget "GitHubSearch" */ = {
			isa = XCConfigurationList;
			buildConfigurations = (
				8D8D82AD297BEA89009FBAC4 /* Debug */,
				8D8D82AE297BEA89009FBAC4 /* Release */,
			);
			defaultConfigurationIsVisible = 0;
			defaultConfigurationName = Release;
		};
		8D8D82AF297BEA89009FBAC4 /* Build configuration list for PBXNativeTarget "GitHubSearchTests" */ = {
			isa = XCConfigurationList;
			buildConfigurations = (
				8D8D82B0297BEA89009FBAC4 /* Debug */,
				8D8D82B1297BEA89009FBAC4 /* Release */,
			);
			defaultConfigurationIsVisible = 0;
			defaultConfigurationName = Release;
		};
		8D8D82B2297BEA89009FBAC4 /* Build configuration list for PBXNativeTarget "GitHubSearchUITests" */ = {
			isa = XCConfigurationList;
			buildConfigurations = (
				8D8D82B3297BEA89009FBAC4 /* Debug */,
				8D8D82B4297BEA89009FBAC4 /* Release */,
			);
			defaultConfigurationIsVisible = 0;
			defaultConfigurationName = Release;
		};
/* End XCConfigurationList section */
	};
	rootObject = 8D8D8280297BEA88009FBAC4 /* Project object */;
}
